lockfileVersion: '9.0'

settings:
  autoInstallPeers: true
  excludeLinksFromLockfile: false

importers:

  .:
    dependencies:
      '@tanstack/react-router':
        specifier: ^1.120.15
        version: 1.120.15(react-dom@19.1.0(react@19.1.0))(react@19.1.0)
      preact:
        specifier: ^10.26.8
        version: 10.26.8
    devDependencies:
      '@types/react':
        specifier: ^19.1.6
        version: 19.1.6
      '@types/react-dom':
        specifier: ^19.1.5
        version: 19.1.5(@types/react@19.1.6)

packages:

  '@tanstack/history@1.115.0':
    resolution: {integrity: sha512-K7JJNrRVvyjAVnbXOH2XLRhFXDkeP54Kt2P4FR1Kl2KDGlIbkua5VqZQD2rot3qaDrpufyUa63nuLai1kOLTsQ==}
    engines: {node: '>=12'}

  '@tanstack/react-router@1.120.15':
    resolution: {integrity: sha512-apzBmXh4pHwqUGU3kD8y2FJMi7rVoUbRxh5oV7v8kEb6Aq5Xpdo+OcpThw8h/M2zv7v4Ef8IoY6WFCKKu3HBjQ==}
    engines: {node: '>=12'}
    peerDependencies:
      react: '>=18.0.0 || >=19.0.0'
      react-dom: '>=18.0.0 || >=19.0.0'

  '@tanstack/react-store@0.7.1':
    resolution: {integrity: sha512-qUTEKdId6QPWGiWyKAPf/gkN29scEsz6EUSJ0C3HgLMgaqTAyBsQ2sMCfGVcqb+kkhEXAdjleCgH6LAPD6f2sA==}
    peerDependencies:
      react: ^16.8.0 || ^17.0.0 || ^18.0.0 || ^19.0.0
      react-dom: ^16.8.0 || ^17.0.0 || ^18.0.0 || ^19.0.0

  '@tanstack/router-core@1.120.15':
    resolution: {integrity: sha512-soLj+mEuvSxAVFK/3b85IowkkvmSuQL6J0RSIyKJFGFgy0CmUzpcBGEO99+JNWvvvzHgIoY4F4KtLIN+rvFSFA==}
    engines: {node: '>=12'}

  '@tanstack/store@0.7.1':
    resolution: {integrity: sha512-PjUQKXEXhLYj2X5/6c1Xn/0/qKY0IVFxTJweopRfF26xfjVyb14yALydJrHupDh3/d+1WKmfEgZPBVCmDkzzwg==}

  '@types/react-dom@19.1.5':
    resolution: {integrity: sha512-CMCjrWucUBZvohgZxkjd6S9h0nZxXjzus6yDfUb+xLxYM7VvjKNH1tQrE9GWLql1XoOP4/Ds3bwFqShHUYraGg==}
    peerDependencies:
      '@types/react': ^19.0.0

  '@types/react@19.1.6':
    resolution: {integrity: sha512-JeG0rEWak0N6Itr6QUx+X60uQmN+5t3j9r/OVDtWzFXKaj6kD1BwJzOksD0FF6iWxZlbE1kB0q9vtnU2ekqa1Q==}

  csstype@3.1.3:
    resolution: {integrity: sha512-M1uQkMl8rQK/szD0LNhtqxIPLpimGm8sOBwU7lLnCpSbTyY3yeU1Vc7l4KT5zT4s/yOxHH5O7tIuuLOCnLADRw==}

  jsesc@3.1.0:
    resolution: {integrity: sha512-/sM3dO2FOzXjKQhJuo0Q173wf2KOo8t4I8vHy6lF9poUp7bKT0/NHE8fPX23PwfhnykfqnC2xRxOnVw5XuGIaA==}
    engines: {node: '>=6'}
    hasBin: true

  preact@10.26.8:
    resolution: {integrity: sha512-1nMfdFjucm5hKvq0IClqZwK4FJkGXhRrQstOQ3P4vp8HxKrJEMFcY6RdBRVTdfQS/UlnX6gfbPuTvaqx/bDoeQ==}

  react-dom@19.1.0:
    resolution: {integrity: sha512-Xs1hdnE+DyKgeHJeJznQmYMIBG3TKIHJJT95Q58nHLSrElKlGQqDTR2HQ9fx5CN/Gk6Vh/kupBTDLU11/nDk/g==}
    peerDependencies:
      react: ^19.1.0

  react@19.1.0:
    resolution: {integrity: sha512-FS+XFBNvn3GTAWq26joslQgWNoFu08F4kl0J4CgdNKADkdSGXQyTCnKteIAJy96Br6YbpEU1LSzV5dYtjMkMDg==}
    engines: {node: '>=0.10.0'}

  scheduler@0.26.0:
    resolution: {integrity: sha512-NlHwttCI/l5gCPR3D1nNXtWABUmBwvZpEQiD4IXSbIDq8BzLIK/7Ir5gTFSGZDUu37K5cMNp0hFtzO38sC7gWA==}

  tiny-invariant@1.3.3:
    resolution: {integrity: sha512-+FbBPE1o9QAYvviau/qC5SE3caw21q3xkvWKBtja5vgqOWIHHJ3ioaq1VPfn/Szqctz2bU/oYeKd9/z5BL+PVg==}

  tiny-warning@1.0.3:
    resolution: {integrity: sha512-lBN9zLN/oAf68o3zNXYrdCt1kP8WsiGW8Oo2ka41b2IM5JL/S1CTyX1rW0mb/zSuJun0ZUrDxx4sqvYS2FWzPA==}

  use-sync-external-store@1.5.0:
    resolution: {integrity: sha512-Rb46I4cGGVBmjamjphe8L/UnvJD+uPPtTkNvX5mZgqdbavhI4EbgIWJiIHXJ8bc/i9EQGPRh4DwEURJ552Do0A==}
    peerDependencies:
      react: ^16.8.0 || ^17.0.0 || ^18.0.0 || ^19.0.0

snapshots:

  '@tanstack/history@1.115.0': {}

  '@tanstack/react-router@1.120.15(react-dom@19.1.0(react@19.1.0))(react@19.1.0)':
    dependencies:
      '@tanstack/history': 1.115.0
      '@tanstack/react-store': 0.7.1(react-dom@19.1.0(react@19.1.0))(react@19.1.0)
      '@tanstack/router-core': 1.120.15
      jsesc: 3.1.0
      react: 19.1.0
      react-dom: 19.1.0(react@19.1.0)
      tiny-invariant: 1.3.3
      tiny-warning: 1.0.3

  '@tanstack/react-store@0.7.1(react-dom@19.1.0(react@19.1.0))(react@19.1.0)':
    dependencies:
      '@tanstack/store': 0.7.1
      react: 19.1.0
      react-dom: 19.1.0(react@19.1.0)
      use-sync-external-store: 1.5.0(react@19.1.0)

  '@tanstack/router-core@1.120.15':
    dependencies:
      '@tanstack/history': 1.115.0
      '@tanstack/store': 0.7.1
      tiny-invariant: 1.3.3

  '@tanstack/store@0.7.1': {}

  '@types/react-dom@19.1.5(@types/react@19.1.6)':
    dependencies:
      '@types/react': 19.1.6

  '@types/react@19.1.6':
    dependencies:
      csstype: 3.1.3

  csstype@3.1.3: {}

  jsesc@3.1.0: {}

  preact@10.26.8: {}

  react-dom@19.1.0(react@19.1.0):
    dependencies:
      react: 19.1.0
      scheduler: 0.26.0

  react@19.1.0: {}

  scheduler@0.26.0: {}

  tiny-invariant@1.3.3: {}

  tiny-warning@1.0.3: {}

  use-sync-external-store@1.5.0(react@19.1.0):
    dependencies:
      react: 19.1.0
